
Microsoft Visual Studio Solution File, Format Version 12.00
# Visual Studio Version 17
VisualStudioVersion = 17.2.32616.157
MinimumVisualStudioVersion = 10.0.40219.1
Project("{FAE04EC0-301F-11D3-BF4B-00C04F79EFBC}") = "PatronesGOF.Singleton", "PatronesGOF.Singleton\PatronesGOF.Singleton.csproj", "{2296840B-8CE9-42D2-AC76-4A083996AE0E}"
EndProject
Project("{FAE04EC0-301F-11D3-BF4B-00C04F79EFBC}") = "PatronesGOF.FactoryMethod", "PatronesGOF.FactoryMethod\PatronesGOF.FactoryMethod.csproj", "{7C45BE44-B105-4E01-B659-94C8C7823AA7}"
EndProject
Project("{FAE04EC0-301F-11D3-BF4B-00C04F79EFBC}") = "PatronesGOF.AbstractFactory", "PatronesGOF.AbstractFactory\PatronesGOF.AbstractFactory.csproj", "{FC7A3D4A-BE79-4190-90D1-8267CD1F72A9}"
EndProject
Project("{FAE04EC0-301F-11D3-BF4B-00C04F79EFBC}") = "PatronesGOF.Prototype", "PatronesGOF.Prototype\PatronesGOF.Prototype.csproj", "{7EA892E9-E0C0-45A4-BF7B-A2BCD5451011}"
EndProject
Global
	GlobalSection(SolutionConfigurationPlatforms) = preSolution
		Debug|Any CPU = Debug|Any CPU
		Release|Any CPU = Release|Any CPU
	EndGlobalSection
	GlobalSection(ProjectConfigurationPlatforms) = postSolution
		{2296840B-8CE9-42D2-AC76-4A083996AE0E}.Debug|Any CPU.ActiveCfg = Debug|Any CPU
		{2296840B-8CE9-42D2-AC76-4A083996AE0E}.Debug|Any CPU.Build.0 = Debug|Any CPU
		{2296840B-8CE9-42D2-AC76-4A083996AE0E}.Release|Any CPU.ActiveCfg = Release|Any CPU
		{2296840B-8CE9-42D2-AC76-4A083996AE0E}.Release|Any CPU.Build.0 = Release|Any CPU
		{7C45BE44-B105-4E01-B659-94C8C7823AA7}.Debug|Any CPU.ActiveCfg = Debug|Any CPU
		{7C45BE44-B105-4E01-B659-94C8C7823AA7}.Debug|Any CPU.Build.0 = Debug|Any CPU
		{7C45BE44-B105-4E01-B659-94C8C7823AA7}.Release|Any CPU.ActiveCfg = Release|Any CPU
		{7C45BE44-B105-4E01-B659-94C8C7823AA7}.Release|Any CPU.Build.0 = Release|Any CPU
		{FC7A3D4A-BE79-4190-90D1-8267CD1F72A9}.Debug|Any CPU.ActiveCfg = Debug|Any CPU
		{FC7A3D4A-BE79-4190-90D1-8267CD1F72A9}.Debug|Any CPU.Build.0 = Debug|Any CPU
		{FC7A3D4A-BE79-4190-90D1-8267CD1F72A9}.Release|Any CPU.ActiveCfg = Release|Any CPU
		{FC7A3D4A-BE79-4190-90D1-8267CD1F72A9}.Release|Any CPU.Build.0 = Release|Any CPU
		{7EA892E9-E0C0-45A4-BF7B-A2BCD5451011}.Debug|Any CPU.ActiveCfg = Debug|Any CPU
		{7EA892E9-E0C0-45A4-BF7B-A2BCD5451011}.Debug|Any CPU.Build.0 = Debug|Any CPU
		{7EA892E9-E0C0-45A4-BF7B-A2BCD5451011}.Release|Any CPU.ActiveCfg = Release|Any CPU
		{7EA892E9-E0C0-45A4-BF7B-A2BCD5451011}.Release|Any CPU.Build.0 = Release|Any CPU
	EndGlobalSection
	GlobalSection(SolutionProperties) = preSolution
		HideSolutionNode = FALSE
	EndGlobalSection
	GlobalSection(ExtensibilityGlobals) = postSolution
		SolutionGuid = {53335965-017F-4B0D-A515-46FB44372D2D}
	EndGlobalSection
EndGlobal
