
Microsoft Visual Studio Solution File, Format Version 12.00
# Visual Studio Version 17
VisualStudioVersion = 17.2.32616.157
MinimumVisualStudioVersion = 10.0.40219.1
Project("{FAE04EC0-301F-11D3-BF4B-00C04F79EFBC}") = "PatronesGOF.Singleton", "PatronesGOF.Singleton\PatronesGOF.Singleton.csproj", "{2296840B-8CE9-42D2-AC76-4A083996AE0E}"
EndProject
Project("{FAE04EC0-301F-11D3-BF4B-00C04F79EFBC}") = "PatronesGOF.FactoryMethod", "PatronesGOF.FactoryMethod\PatronesGOF.FactoryMethod.csproj", "{7C45BE44-B105-4E01-B659-94C8C7823AA7}"
EndProject
Project("{FAE04EC0-301F-11D3-BF4B-00C04F79EFBC}") = "PatronesGOF.AbstractFactory", "PatronesGOF.AbstractFactory\PatronesGOF.AbstractFactory.csproj", "{FC7A3D4A-BE79-4190-90D1-8267CD1F72A9}"
EndProject
Project("{FAE04EC0-301F-11D3-BF4B-00C04F79EFBC}") = "PatronesGOF.Prototype", "PatronesGOF.Prototype\PatronesGOF.Prototype.csproj", "{7EA892E9-E0C0-45A4-BF7B-A2BCD5451011}"
EndProject
Project("{FAE04EC0-301F-11D3-BF4B-00C04F79EFBC}") = "PatronesGOF.Facade", "PatronesGOF.Facade\PatronesGOF.Facade.csproj", "{C84D155B-7753-48F1-9340-9D39CF10F9FE}"
EndProject
Project("{FAE04EC0-301F-11D3-BF4B-00C04F79EFBC}") = "PatronesGOF.Decorator", "PatronesGOF.Decorator\PatronesGOF.Decorator.csproj", "{2D0119F4-6AE0-4CA5-B89B-A5DA98807A8A}"
EndProject
Project("{FAE04EC0-301F-11D3-BF4B-00C04F79EFBC}") = "PatronesGOF.Proxy", "PatronesGOF.Proxy\PatronesGOF.Proxy.csproj", "{6FFE89BC-21C1-43D2-9EA8-E219C61A4DC0}"
EndProject
Project("{FAE04EC0-301F-11D3-BF4B-00C04F79EFBC}") = "PatronesGOF.Command", "PatronesGOF.Command\PatronesGOF.Command.csproj", "{A8C09381-5CD4-4F83-935E-5A524DDEC476}"
EndProject
Project("{FAE04EC0-301F-11D3-BF4B-00C04F79EFBC}") = "PatronesGOF.Memento", "PatronesGOF.Memento\PatronesGOF.Memento.csproj", "{118F13A4-6548-46DD-8C4A-9854BD6D7A2A}"
EndProject
Project("{FAE04EC0-301F-11D3-BF4B-00C04F79EFBC}") = "PatronesGOF.Observer", "PatronesGOF.Observer\PatronesGOF.Observer.csproj", "{0C5F0D62-FD6D-4A22-B505-7B790A41CD26}"
EndProject
Project("{FAE04EC0-301F-11D3-BF4B-00C04F79EFBC}") = "PatronesGOF.Strategy", "PatronesGOF.Strategy\PatronesGOF.Strategy.csproj", "{8EBF8633-B816-4F84-8710-C2C388BF917B}"
EndProject
Project("{FAE04EC0-301F-11D3-BF4B-00C04F79EFBC}") = "PatronesGOF.Builder", "PatronesGOF.Builder\PatronesGOF.Builder.csproj", "{F1A202EE-63B1-47D1-97A6-4CD75D155A2B}"
EndProject
Project("{FAE04EC0-301F-11D3-BF4B-00C04F79EFBC}") = "PatronesGOF.Adapter", "PatronesGOF.Adapter\PatronesGOF.Adapter.csproj", "{40F4E86F-F493-4E2C-8F01-330CFCF9CEDA}"
EndProject
Project("{FAE04EC0-301F-11D3-BF4B-00C04F79EFBC}") = "PatronesGOF.Composite", "PatronesGOF.Composite\PatronesGOF.Composite.csproj", "{79355303-4942-4B92-9941-BB39E1236819}"
EndProject
Global
	GlobalSection(SolutionConfigurationPlatforms) = preSolution
		Debug|Any CPU = Debug|Any CPU
		Release|Any CPU = Release|Any CPU
	EndGlobalSection
	GlobalSection(ProjectConfigurationPlatforms) = postSolution
		{2296840B-8CE9-42D2-AC76-4A083996AE0E}.Debug|Any CPU.ActiveCfg = Debug|Any CPU
		{2296840B-8CE9-42D2-AC76-4A083996AE0E}.Debug|Any CPU.Build.0 = Debug|Any CPU
		{2296840B-8CE9-42D2-AC76-4A083996AE0E}.Release|Any CPU.ActiveCfg = Release|Any CPU
		{2296840B-8CE9-42D2-AC76-4A083996AE0E}.Release|Any CPU.Build.0 = Release|Any CPU
		{7C45BE44-B105-4E01-B659-94C8C7823AA7}.Debug|Any CPU.ActiveCfg = Debug|Any CPU
		{7C45BE44-B105-4E01-B659-94C8C7823AA7}.Debug|Any CPU.Build.0 = Debug|Any CPU
		{7C45BE44-B105-4E01-B659-94C8C7823AA7}.Release|Any CPU.ActiveCfg = Release|Any CPU
		{7C45BE44-B105-4E01-B659-94C8C7823AA7}.Release|Any CPU.Build.0 = Release|Any CPU
		{FC7A3D4A-BE79-4190-90D1-8267CD1F72A9}.Debug|Any CPU.ActiveCfg = Debug|Any CPU
		{FC7A3D4A-BE79-4190-90D1-8267CD1F72A9}.Debug|Any CPU.Build.0 = Debug|Any CPU
		{FC7A3D4A-BE79-4190-90D1-8267CD1F72A9}.Release|Any CPU.ActiveCfg = Release|Any CPU
		{FC7A3D4A-BE79-4190-90D1-8267CD1F72A9}.Release|Any CPU.Build.0 = Release|Any CPU
		{7EA892E9-E0C0-45A4-BF7B-A2BCD5451011}.Debug|Any CPU.ActiveCfg = Debug|Any CPU
		{7EA892E9-E0C0-45A4-BF7B-A2BCD5451011}.Debug|Any CPU.Build.0 = Debug|Any CPU
		{7EA892E9-E0C0-45A4-BF7B-A2BCD5451011}.Release|Any CPU.ActiveCfg = Release|Any CPU
		{7EA892E9-E0C0-45A4-BF7B-A2BCD5451011}.Release|Any CPU.Build.0 = Release|Any CPU
		{C84D155B-7753-48F1-9340-9D39CF10F9FE}.Debug|Any CPU.ActiveCfg = Debug|Any CPU
		{C84D155B-7753-48F1-9340-9D39CF10F9FE}.Debug|Any CPU.Build.0 = Debug|Any CPU
		{C84D155B-7753-48F1-9340-9D39CF10F9FE}.Release|Any CPU.ActiveCfg = Release|Any CPU
		{C84D155B-7753-48F1-9340-9D39CF10F9FE}.Release|Any CPU.Build.0 = Release|Any CPU
		{2D0119F4-6AE0-4CA5-B89B-A5DA98807A8A}.Debug|Any CPU.ActiveCfg = Debug|Any CPU
		{2D0119F4-6AE0-4CA5-B89B-A5DA98807A8A}.Debug|Any CPU.Build.0 = Debug|Any CPU
		{2D0119F4-6AE0-4CA5-B89B-A5DA98807A8A}.Release|Any CPU.ActiveCfg = Release|Any CPU
		{2D0119F4-6AE0-4CA5-B89B-A5DA98807A8A}.Release|Any CPU.Build.0 = Release|Any CPU
		{6FFE89BC-21C1-43D2-9EA8-E219C61A4DC0}.Debug|Any CPU.ActiveCfg = Debug|Any CPU
		{6FFE89BC-21C1-43D2-9EA8-E219C61A4DC0}.Debug|Any CPU.Build.0 = Debug|Any CPU
		{6FFE89BC-21C1-43D2-9EA8-E219C61A4DC0}.Release|Any CPU.ActiveCfg = Release|Any CPU
		{6FFE89BC-21C1-43D2-9EA8-E219C61A4DC0}.Release|Any CPU.Build.0 = Release|Any CPU
		{A8C09381-5CD4-4F83-935E-5A524DDEC476}.Debug|Any CPU.ActiveCfg = Debug|Any CPU
		{A8C09381-5CD4-4F83-935E-5A524DDEC476}.Debug|Any CPU.Build.0 = Debug|Any CPU
		{A8C09381-5CD4-4F83-935E-5A524DDEC476}.Release|Any CPU.ActiveCfg = Release|Any CPU
		{A8C09381-5CD4-4F83-935E-5A524DDEC476}.Release|Any CPU.Build.0 = Release|Any CPU
		{118F13A4-6548-46DD-8C4A-9854BD6D7A2A}.Debug|Any CPU.ActiveCfg = Debug|Any CPU
		{118F13A4-6548-46DD-8C4A-9854BD6D7A2A}.Debug|Any CPU.Build.0 = Debug|Any CPU
		{118F13A4-6548-46DD-8C4A-9854BD6D7A2A}.Release|Any CPU.ActiveCfg = Release|Any CPU
		{118F13A4-6548-46DD-8C4A-9854BD6D7A2A}.Release|Any CPU.Build.0 = Release|Any CPU
		{0C5F0D62-FD6D-4A22-B505-7B790A41CD26}.Debug|Any CPU.ActiveCfg = Debug|Any CPU
		{0C5F0D62-FD6D-4A22-B505-7B790A41CD26}.Debug|Any CPU.Build.0 = Debug|Any CPU
		{0C5F0D62-FD6D-4A22-B505-7B790A41CD26}.Release|Any CPU.ActiveCfg = Release|Any CPU
		{0C5F0D62-FD6D-4A22-B505-7B790A41CD26}.Release|Any CPU.Build.0 = Release|Any CPU
		{8EBF8633-B816-4F84-8710-C2C388BF917B}.Debug|Any CPU.ActiveCfg = Debug|Any CPU
		{8EBF8633-B816-4F84-8710-C2C388BF917B}.Debug|Any CPU.Build.0 = Debug|Any CPU
		{8EBF8633-B816-4F84-8710-C2C388BF917B}.Release|Any CPU.ActiveCfg = Release|Any CPU
		{8EBF8633-B816-4F84-8710-C2C388BF917B}.Release|Any CPU.Build.0 = Release|Any CPU
		{F1A202EE-63B1-47D1-97A6-4CD75D155A2B}.Debug|Any CPU.ActiveCfg = Debug|Any CPU
		{F1A202EE-63B1-47D1-97A6-4CD75D155A2B}.Debug|Any CPU.Build.0 = Debug|Any CPU
		{F1A202EE-63B1-47D1-97A6-4CD75D155A2B}.Release|Any CPU.ActiveCfg = Release|Any CPU
		{F1A202EE-63B1-47D1-97A6-4CD75D155A2B}.Release|Any CPU.Build.0 = Release|Any CPU
		{40F4E86F-F493-4E2C-8F01-330CFCF9CEDA}.Debug|Any CPU.ActiveCfg = Debug|Any CPU
		{40F4E86F-F493-4E2C-8F01-330CFCF9CEDA}.Debug|Any CPU.Build.0 = Debug|Any CPU
		{40F4E86F-F493-4E2C-8F01-330CFCF9CEDA}.Release|Any CPU.ActiveCfg = Release|Any CPU
		{40F4E86F-F493-4E2C-8F01-330CFCF9CEDA}.Release|Any CPU.Build.0 = Release|Any CPU
		{79355303-4942-4B92-9941-BB39E1236819}.Debug|Any CPU.ActiveCfg = Debug|Any CPU
		{79355303-4942-4B92-9941-BB39E1236819}.Debug|Any CPU.Build.0 = Debug|Any CPU
		{79355303-4942-4B92-9941-BB39E1236819}.Release|Any CPU.ActiveCfg = Release|Any CPU
		{79355303-4942-4B92-9941-BB39E1236819}.Release|Any CPU.Build.0 = Release|Any CPU
	EndGlobalSection
	GlobalSection(SolutionProperties) = preSolution
		HideSolutionNode = FALSE
	EndGlobalSection
	GlobalSection(ExtensibilityGlobals) = postSolution
		SolutionGuid = {53335965-017F-4B0D-A515-46FB44372D2D}
	EndGlobalSection
EndGlobal
